
Microsoft Visual Studio Solution File, Format Version 12.00
# Visual Studio 15
VisualStudioVersion = 15.0.27004.2005
MinimumVisualStudioVersion = 10.0.40219.1
Project("{FAE04EC0-301F-11D3-BF4B-00C04F79EFBC}") = "SpendingBrother", "SpendingBrother\SpendingBrother.csproj", "{1E7E0037-2412-4003-A670-76CE1CFB7E5C}"
EndProject
Project("{FAE04EC0-301F-11D3-BF4B-00C04F79EFBC}") = "SpendingBrother.Logic", "SpendingBrother.Logic\SpendingBrother.Logic.csproj", "{3DB4D9D1-CBB1-40A7-B54B-B64E078B47DB}"
EndProject
Global
	GlobalSection(SolutionConfigurationPlatforms) = preSolution
		Debug|Any CPU = Debug|Any CPU
		Release|Any CPU = Release|Any CPU
	EndGlobalSection
	GlobalSection(ProjectConfigurationPlatforms) = postSolution
		{1E7E0037-2412-4003-A670-76CE1CFB7E5C}.Debug|Any CPU.ActiveCfg = Debug|Any CPU
		{1E7E0037-2412-4003-A670-76CE1CFB7E5C}.Debug|Any CPU.Build.0 = Debug|Any CPU
		{1E7E0037-2412-4003-A670-76CE1CFB7E5C}.Release|Any CPU.ActiveCfg = Release|Any CPU
		{1E7E0037-2412-4003-A670-76CE1CFB7E5C}.Release|Any CPU.Build.0 = Release|Any CPU
		{3DB4D9D1-CBB1-40A7-B54B-B64E078B47DB}.Debug|Any CPU.ActiveCfg = Debug|Any CPU
		{3DB4D9D1-CBB1-40A7-B54B-B64E078B47DB}.Debug|Any CPU.Build.0 = Debug|Any CPU
		{3DB4D9D1-CBB1-40A7-B54B-B64E078B47DB}.Release|Any CPU.ActiveCfg = Release|Any CPU
		{3DB4D9D1-CBB1-40A7-B54B-B64E078B47DB}.Release|Any CPU.Build.0 = Release|Any CPU
	EndGlobalSection
	GlobalSection(SolutionProperties) = preSolution
		HideSolutionNode = FALSE
	EndGlobalSection
	GlobalSection(ExtensibilityGlobals) = postSolution
		SolutionGuid = {914E0A47-ECBA-4098-B8C4-FEACE80E5735}
	EndGlobalSection
EndGlobal
